<?xml version="1.0" encoding="utf-8"?>
<Project ToolsVersion="4.0" xmlns="http://schemas.microsoft.com/developer/msbuild/2003">
  <ItemGroup>
    <Filter Include="Fichiers sources">
      <UniqueIdentifier>{4FC737F1-C7A5-4376-A066-2A32D752A2FF}</UniqueIdentifier>
      <Extensions>cpp;c;cc;cxx;c++;cppm;ixx;def;odl;idl;hpj;bat;asm;asmx</Extensions>
    </Filter>
    <Filter Include="Fichiers d%27en-tête">
      <UniqueIdentifier>{93995380-89BD-4b04-88EB-625FBE52EBFB}</UniqueIdentifier>
      <Extensions>h;hh;hpp;hxx;h++;hm;inl;inc;ipp;xsd</Extensions>
    </Filter>
    <Filter Include="Fichiers de ressources">
      <UniqueIdentifier>{67DA6AB6-F800-4c08-8B7A-83BB121AAD01}</UniqueIdentifier>
      <Extensions>rc;ico;cur;bmp;dlg;rc2;rct;bin;rgs;gif;jpg;jpeg;jpe;resx;tiff;tif;png;wav;mfcribbon-ms</Extensions>
    </Filter>
  </ItemGroup>
  <ItemGroup>
    <ClCompile Include="extern\imgui\imgui.cpp">
      <Filter>Fichiers sources</Filter>
    </ClCompile>
    <ClCompile Include="extern\imgui\imgui_demo.cpp">
      <Filter>Fichiers sources</Filter>
    </ClCompile>
    <ClCompile Include="extern\imgui\imgui_draw.cpp">
      <Filter>Fichiers sources</Filter>
    </ClCompile>
    <ClCompile Include="extern\imgui\imgui_tables.cpp">
      <Filter>Fichiers sources</Filter>
    </ClCompile>
    <ClCompile Include="extern\imgui\imgui_widgets.cpp">
      <Filter>Fichiers sources</Filter>
    </ClCompile>
    <ClCompile Include="extern\imgui_tabs\imgui_tabs.cpp">
      <Filter>Fichiers sources</Filter>
    </ClCompile>
    <ClCompile Include="extern\imgui_nodes\imnodes.cpp">
      <Filter>Fichiers sources</Filter>
    </ClCompile>
    <ClCompile Include="extern\imgui_gizmo\ImGuizmo.cpp">
      <Filter>Fichiers sources</Filter>
    </ClCompile>
    <ClCompile Include="extern\imgui_ai\imguial_term.cpp">
      <Filter>Fichiers sources</Filter>
    </ClCompile>
    <ClCompile Include="extern\imgui_ai\imguial_msgbox.cpp">
      <Filter>Fichiers sources</Filter>
    </ClCompile>
    <ClCompile Include="extern\imgui\imgui_freetype.cpp">
      <Filter>Fichiers sources</Filter>
    </ClCompile>
    <ClCompile Include="extern\imgui\imgui_impl_sdl2.cpp">
      <Filter>Fichiers sources</Filter>
    </ClCompile>
    <ClCompile Include="extern\imgui\imgui_impl_dx11.cpp">
      <Filter>Fichiers sources</Filter>
    </ClCompile>
    <ClCompile Include="game\andrea.cpp">
      <Filter>Fichiers sources</Filter>
    </ClCompile>
    <ClCompile Include="game\andy.cpp">
      <Filter>Fichiers sources</Filter>
    </ClCompile>
    <ClCompile Include="game\autogun.cpp">
      <Filter>Fichiers sources</Filter>
    </ClCompile>
    <ClCompile Include="game\bat.cpp">
      <Filter>Fichiers sources</Filter>
    </ClCompile>
    <ClCompile Include="game\box.cpp">
      <Filter>Fichiers sources</Filter>
    </ClCompile>
    <ClCompile Include="game\camera.cpp">
      <Filter>Fichiers sources</Filter>
    </ClCompile>
    <ClCompile Include="game\chef.cpp">
      <Filter>Fichiers sources</Filter>
    </ClCompile>
    <ClCompile Include="game\collide.cpp">
      <Filter>Fichiers sources</Filter>
    </ClCompile>
    <ClCompile Include="game\control.cpp">
      <Filter>Fichiers sources</Filter>
    </ClCompile>
    <ClCompile Include="game\crow.cpp">
      <Filter>Fichiers sources</Filter>
    </ClCompile>
    <ClCompile Include="game\cutseq.cpp">
      <Filter>Fichiers sources</Filter>
    </ClCompile>
    <ClCompile Include="game\deathsld.cpp">
      <Filter>Fichiers sources</Filter>
    </ClCompile>
    <ClCompile Include="game\debris.cpp">
      <Filter>Fichiers sources</Filter>
    </ClCompile>
    <ClCompile Include="game\delstuff.cpp">
      <Filter>Fichiers sources</Filter>
    </ClCompile>
    <ClCompile Include="game\deltapak.cpp">
      <Filter>Fichiers sources</Filter>
    </ClCompile>
    <ClCompile Include="game\dog.cpp">
      <Filter>Fichiers sources</Filter>
    </ClCompile>
    <ClCompile Include="game\door.cpp">
      <Filter>Fichiers sources</Filter>
    </ClCompile>
    <ClCompile Include="game\draw.cpp">
      <Filter>Fichiers sources</Filter>
    </ClCompile>
    <ClCompile Include="game\effect2.cpp">
      <Filter>Fichiers sources</Filter>
    </ClCompile>
    <ClCompile Include="game\effects.cpp">
      <Filter>Fichiers sources</Filter>
    </ClCompile>
    <ClCompile Include="game\flmtorch.cpp">
      <Filter>Fichiers sources</Filter>
    </ClCompile>
    <ClCompile Include="game\footprnt.cpp">
      <Filter>Fichiers sources</Filter>
    </ClCompile>
    <ClCompile Include="game\gameflow.cpp">
      <Filter>Fichiers sources</Filter>
    </ClCompile>
    <ClCompile Include="game\gladiatr.cpp">
      <Filter>Fichiers sources</Filter>
    </ClCompile>
    <ClCompile Include="game\guardian.cpp">
      <Filter>Fichiers sources</Filter>
    </ClCompile>
    <ClCompile Include="game\hair.cpp">
      <Filter>Fichiers sources</Filter>
    </ClCompile>
    <ClCompile Include="game\health.cpp">
      <Filter>Fichiers sources</Filter>
    </ClCompile>
    <ClCompile Include="game\hitman.cpp">
      <Filter>Fichiers sources</Filter>
    </ClCompile>
    <ClCompile Include="game\huskie.cpp">
      <Filter>Fichiers sources</Filter>
    </ClCompile>
    <ClCompile Include="game\hydra.cpp">
      <Filter>Fichiers sources</Filter>
    </ClCompile>
    <ClCompile Include="game\imp.cpp">
      <Filter>Fichiers sources</Filter>
    </ClCompile>
    <ClCompile Include="game\init.cpp">
      <Filter>Fichiers sources</Filter>
    </ClCompile>
    <ClCompile Include="game\items.cpp">
      <Filter>Fichiers sources</Filter>
    </ClCompile>
    <ClCompile Include="game\joby.cpp">
      <Filter>Fichiers sources</Filter>
    </ClCompile>
    <ClCompile Include="game\lara.cpp">
      <Filter>Fichiers sources</Filter>
    </ClCompile>
    <ClCompile Include="game\lara1gun.cpp">
      <Filter>Fichiers sources</Filter>
    </ClCompile>
    <ClCompile Include="game\lara2gun.cpp">
      <Filter>Fichiers sources</Filter>
    </ClCompile>
    <ClCompile Include="game\laraclmb.cpp">
      <Filter>Fichiers sources</Filter>
    </ClCompile>
    <ClCompile Include="game\larafire.cpp">
      <Filter>Fichiers sources</Filter>
    </ClCompile>
    <ClCompile Include="game\laraflar.cpp">
      <Filter>Fichiers sources</Filter>
    </ClCompile>
    <ClCompile Include="game\laramisc.cpp">
      <Filter>Fichiers sources</Filter>
    </ClCompile>
    <ClCompile Include="game\laraskin.cpp">
      <Filter>Fichiers sources</Filter>
    </ClCompile>
    <ClCompile Include="game\larasurf.cpp">
      <Filter>Fichiers sources</Filter>
    </ClCompile>
    <ClCompile Include="game\laraswim.cpp">
      <Filter>Fichiers sources</Filter>
    </ClCompile>
    <ClCompile Include="game\lasers.cpp">
      <Filter>Fichiers sources</Filter>
    </ClCompile>
    <ClCompile Include="game\lifts.cpp">
      <Filter>Fichiers sources</Filter>
    </ClCompile>
    <ClCompile Include="game\lion.cpp">
      <Filter>Fichiers sources</Filter>
    </ClCompile>
    <ClCompile Include="game\lot.cpp">
      <Filter>Fichiers sources</Filter>
    </ClCompile>
    <ClCompile Include="game\mafia2.cpp">
      <Filter>Fichiers sources</Filter>
    </ClCompile>
    <ClCompile Include="game\minisub.cpp">
      <Filter>Fichiers sources</Filter>
    </ClCompile>
    <ClCompile Include="game\mirror.cpp">
      <Filter>Fichiers sources</Filter>
    </ClCompile>
    <ClCompile Include="game\missile.cpp">
      <Filter>Fichiers sources</Filter>
    </ClCompile>
    <ClCompile Include="game\moveblok.cpp">
      <Filter>Fichiers sources</Filter>
    </ClCompile>
    <ClCompile Include="game\newinv2.cpp">
      <Filter>Fichiers sources</Filter>
    </ClCompile>
    <ClCompile Include="game\objects.cpp">
      <Filter>Fichiers sources</Filter>
    </ClCompile>
    <ClCompile Include="game\objlight.cpp">
      <Filter>Fichiers sources</Filter>
    </ClCompile>
    <ClCompile Include="game\people.cpp">
      <Filter>Fichiers sources</Filter>
    </ClCompile>
    <ClCompile Include="game\pickup.cpp">
      <Filter>Fichiers sources</Filter>
    </ClCompile>
    <ClCompile Include="game\pierre.cpp">
      <Filter>Fichiers sources</Filter>
    </ClCompile>
    <ClCompile Include="game\rat.cpp">
      <Filter>Fichiers sources</Filter>
    </ClCompile>
    <ClCompile Include="game\romangod.cpp">
      <Filter>Fichiers sources</Filter>
    </ClCompile>
    <ClCompile Include="game\rope.cpp">
      <Filter>Fichiers sources</Filter>
    </ClCompile>
    <ClCompile Include="game\sas.cpp">
      <Filter>Fichiers sources</Filter>
    </ClCompile>
    <ClCompile Include="game\savegame.cpp">
      <Filter>Fichiers sources</Filter>
    </ClCompile>
    <ClCompile Include="game\setup.cpp">
      <Filter>Fichiers sources</Filter>
    </ClCompile>
    <ClCompile Include="game\skeleton.cpp">
      <Filter>Fichiers sources</Filter>
    </ClCompile>
    <ClCompile Include="game\sniper.cpp">
      <Filter>Fichiers sources</Filter>
    </ClCompile>
    <ClCompile Include="game\sound.cpp">
      <Filter>Fichiers sources</Filter>
    </ClCompile>
    <ClCompile Include="game\sphere.cpp">
      <Filter>Fichiers sources</Filter>
    </ClCompile>
    <ClCompile Include="game\spider.cpp">
      <Filter>Fichiers sources</Filter>
    </ClCompile>
    <ClCompile Include="game\spotcam.cpp">
      <Filter>Fichiers sources</Filter>
    </ClCompile>
    <ClCompile Include="game\subsuit.cpp">
      <Filter>Fichiers sources</Filter>
    </ClCompile>
    <ClCompile Include="game\swampy.cpp">
      <Filter>Fichiers sources</Filter>
    </ClCompile>
    <ClCompile Include="game\switch.cpp">
      <Filter>Fichiers sources</Filter>
    </ClCompile>
    <ClCompile Include="game\text.cpp">
      <Filter>Fichiers sources</Filter>
    </ClCompile>
    <ClCompile Include="game\tomb4fx.cpp">
      <Filter>Fichiers sources</Filter>
    </ClCompile>
    <ClCompile Include="game\tower.cpp">
      <Filter>Fichiers sources</Filter>
    </ClCompile>
    <ClCompile Include="game\traps.cpp">
      <Filter>Fichiers sources</Filter>
    </ClCompile>
    <ClCompile Include="game\twogun.cpp">
      <Filter>Fichiers sources</Filter>
    </ClCompile>
    <ClCompile Include="game\willwisp.cpp">
      <Filter>Fichiers sources</Filter>
    </ClCompile>
    <ClCompile Include="specific\3dmath.cpp">
      <Filter>Fichiers sources</Filter>
    </ClCompile>
    <ClCompile Include="specific\alexstuff.cpp">
      <Filter>Fichiers sources</Filter>
    </ClCompile>
    <ClCompile Include="specific\audio.cpp">
      <Filter>Fichiers sources</Filter>
    </ClCompile>
    <ClCompile Include="specific\clipping.cpp">
      <Filter>Fichiers sources</Filter>
    </ClCompile>
    <ClCompile Include="specific\d3dmatrix.cpp">
      <Filter>Fichiers sources</Filter>
    </ClCompile>
    <ClCompile Include="specific\drawbars.cpp">
      <Filter>Fichiers sources</Filter>
    </ClCompile>
    <ClCompile Include="specific\drawlara.cpp">
      <Filter>Fichiers sources</Filter>
    </ClCompile>
    <ClCompile Include="specific\drawroom.cpp">
      <Filter>Fichiers sources</Filter>
    </ClCompile>
    <ClCompile Include="specific\dxshell.cpp">
      <Filter>Fichiers sources</Filter>
    </ClCompile>
    <ClCompile Include="specific\dxsound.cpp">
      <Filter>Fichiers sources</Filter>
    </ClCompile>
    <ClCompile Include="specific\file.cpp">
      <Filter>Fichiers sources</Filter>
    </ClCompile>
    <ClCompile Include="specific\fmv.cpp">
      <Filter>Fichiers sources</Filter>
    </ClCompile>
    <ClCompile Include="specific\function_stubs.cpp">
      <Filter>Fichiers sources</Filter>
    </ClCompile>
    <ClCompile Include="specific\function_table.cpp">
      <Filter>Fichiers sources</Filter>
    </ClCompile>
    <ClCompile Include="specific\gamemain.cpp">
      <Filter>Fichiers sources</Filter>
    </ClCompile>
    <ClCompile Include="specific\input.cpp">
      <Filter>Fichiers sources</Filter>
    </ClCompile>
    <ClCompile Include="specific\lighting.cpp">
      <Filter>Fichiers sources</Filter>
    </ClCompile>
    <ClCompile Include="specific\LoadSave.cpp">
      <Filter>Fichiers sources</Filter>
    </ClCompile>
    <ClCompile Include="specific\output.cpp">
      <Filter>Fichiers sources</Filter>
    </ClCompile>
    <ClCompile Include="specific\polyinsert.cpp">
      <Filter>Fichiers sources</Filter>
    </ClCompile>
    <ClCompile Include="specific\registry.cpp">
      <Filter>Fichiers sources</Filter>
    </ClCompile>
    <ClCompile Include="specific\setupdlg.cpp">
      <Filter>Fichiers sources</Filter>
    </ClCompile>
    <ClCompile Include="specific\specificfx.cpp">
      <Filter>Fichiers sources</Filter>
    </ClCompile>
    <ClCompile Include="specific\texture.cpp">
      <Filter>Fichiers sources</Filter>
    </ClCompile>
    <ClCompile Include="specific\time.cpp">
      <Filter>Fichiers sources</Filter>
    </ClCompile>
    <ClCompile Include="specific\winmain.cpp">
      <Filter>Fichiers sources</Filter>
    </ClCompile>
    <ClCompile Include="tomb5\pch.cpp">
      <Filter>Fichiers sources</Filter>
    </ClCompile>
    <ClCompile Include="tomb5\tomb5.cpp">
      <Filter>Fichiers sources</Filter>
    </ClCompile>
    <ClCompile Include="tomb5\troyestuff.cpp">
      <Filter>Fichiers sources</Filter>
    </ClCompile>
  </ItemGroup>
  <ItemGroup>
    <ClInclude Include="extern\imgui\imconfig.h">
      <Filter>Fichiers d%27en-tête</Filter>
    </ClInclude>
    <ClInclude Include="extern\imgui\imgui.h">
      <Filter>Fichiers d%27en-tête</Filter>
    </ClInclude>
    <ClInclude Include="extern\imgui\imgui_internal.h">
      <Filter>Fichiers d%27en-tête</Filter>
    </ClInclude>
    <ClInclude Include="extern\imgui\imstb_rectpack.h">
      <Filter>Fichiers d%27en-tête</Filter>
    </ClInclude>
    <ClInclude Include="extern\imgui\imstb_textedit.h">
      <Filter>Fichiers d%27en-tête</Filter>
    </ClInclude>
    <ClInclude Include="extern\imgui\imstb_truetype.h">
      <Filter>Fichiers d%27en-tête</Filter>
    </ClInclude>
    <ClInclude Include="extern\imgui_tabs\imgui_tabs.h">
      <Filter>Fichiers d%27en-tête</Filter>
    </ClInclude>
    <ClInclude Include="extern\imgui_nodes\imnodes_internal.h">
      <Filter>Fichiers d%27en-tête</Filter>
    </ClInclude>
    <ClInclude Include="extern\imgui_nodes\imnodes.h">
      <Filter>Fichiers d%27en-tête</Filter>
    </ClInclude>
    <ClInclude Include="extern\imgui_gizmo\ImGuizmo.h">
      <Filter>Fichiers d%27en-tête</Filter>
    </ClInclude>
    <ClInclude Include="extern\imgui_ai\imguial_term.h">
      <Filter>Fichiers d%27en-tête</Filter>
    </ClInclude>
    <ClInclude Include="extern\imgui_ai\imguial_msgbox.h">
      <Filter>Fichiers d%27en-tête</Filter>
    </ClInclude>
    <ClInclude Include="extern\imgui_ai\imguial_button.h">
      <Filter>Fichiers d%27en-tête</Filter>
    </ClInclude>
    <ClInclude Include="extern\imgui\imgui_freetype.h">
      <Filter>Fichiers d%27en-tête</Filter>
    </ClInclude>
    <ClInclude Include="extern\imgui\imgui_impl_sdl2.h">
      <Filter>Fichiers d%27en-tête</Filter>
    </ClInclude>
    <ClInclude Include="extern\pl_mpeg.h">
      <Filter>Fichiers d%27en-tête</Filter>
    </ClInclude>
    <ClInclude Include="extern\imgui\imgui_impl_dx11.h">
      <Filter>Fichiers d%27en-tête</Filter>
    </ClInclude>
    <ClInclude Include="game\timer.h">
      <Filter>Fichiers d%27en-tête</Filter>
    </ClInclude>
    <ClInclude Include="game\rooms.h">
      <Filter>Fichiers d%27en-tête</Filter>
    </ClInclude>
    <ClInclude Include="game\math.h">
      <Filter>Fichiers d%27en-tête</Filter>
    </ClInclude>
    <ClInclude Include="game\andrea.h">
      <Filter>Fichiers d%27en-tête</Filter>
    </ClInclude>
    <ClInclude Include="game\andy.h">
      <Filter>Fichiers d%27en-tête</Filter>
    </ClInclude>
    <ClInclude Include="game\autogun.h">
      <Filter>Fichiers d%27en-tête</Filter>
    </ClInclude>
    <ClInclude Include="game\bat.h">
      <Filter>Fichiers d%27en-tête</Filter>
    </ClInclude>
    <ClInclude Include="game\box.h">
      <Filter>Fichiers d%27en-tête</Filter>
    </ClInclude>
    <ClInclude Include="game\camera.h">
      <Filter>Fichiers d%27en-tête</Filter>
    </ClInclude>
    <ClInclude Include="game\chef.h">
      <Filter>Fichiers d%27en-tête</Filter>
    </ClInclude>
    <ClInclude Include="game\collide.h">
      <Filter>Fichiers d%27en-tête</Filter>
    </ClInclude>
    <ClInclude Include="game\control.h">
      <Filter>Fichiers d%27en-tête</Filter>
    </ClInclude>
    <ClInclude Include="game\crow.h">
      <Filter>Fichiers d%27en-tête</Filter>
    </ClInclude>
    <ClInclude Include="game\cutseq.h">
      <Filter>Fichiers d%27en-tête</Filter>
    </ClInclude>
    <ClInclude Include="game\deathsld.h">
      <Filter>Fichiers d%27en-tête</Filter>
    </ClInclude>
    <ClInclude Include="game\debris.h">
      <Filter>Fichiers d%27en-tête</Filter>
    </ClInclude>
    <ClInclude Include="game\delstuff.h">
      <Filter>Fichiers d%27en-tête</Filter>
    </ClInclude>
    <ClInclude Include="game\deltapak.h">
      <Filter>Fichiers d%27en-tête</Filter>
    </ClInclude>
    <ClInclude Include="game\dog.h">
      <Filter>Fichiers d%27en-tête</Filter>
    </ClInclude>
    <ClInclude Include="game\door.h">
      <Filter>Fichiers d%27en-tête</Filter>
    </ClInclude>
    <ClInclude Include="game\draw.h">
      <Filter>Fichiers d%27en-tête</Filter>
    </ClInclude>
    <ClInclude Include="game\effect2.h">
      <Filter>Fichiers d%27en-tête</Filter>
    </ClInclude>
    <ClInclude Include="game\effects.h">
      <Filter>Fichiers d%27en-tête</Filter>
    </ClInclude>
    <ClInclude Include="game\flmtorch.h">
      <Filter>Fichiers d%27en-tête</Filter>
    </ClInclude>
    <ClInclude Include="game\footprnt.h">
      <Filter>Fichiers d%27en-tête</Filter>
    </ClInclude>
    <ClInclude Include="game\gameflow.h">
      <Filter>Fichiers d%27en-tête</Filter>
    </ClInclude>
    <ClInclude Include="game\gladiatr.h">
      <Filter>Fichiers d%27en-tête</Filter>
    </ClInclude>
    <ClInclude Include="game\guardian.h">
      <Filter>Fichiers d%27en-tête</Filter>
    </ClInclude>
    <ClInclude Include="game\hair.h">
      <Filter>Fichiers d%27en-tête</Filter>
    </ClInclude>
    <ClInclude Include="game\health.h">
      <Filter>Fichiers d%27en-tête</Filter>
    </ClInclude>
    <ClInclude Include="game\hitman.h">
      <Filter>Fichiers d%27en-tête</Filter>
    </ClInclude>
    <ClInclude Include="game\huskie.h">
      <Filter>Fichiers d%27en-tête</Filter>
    </ClInclude>
    <ClInclude Include="game\hydra.h">
      <Filter>Fichiers d%27en-tête</Filter>
    </ClInclude>
    <ClInclude Include="game\imp.h">
      <Filter>Fichiers d%27en-tête</Filter>
    </ClInclude>
    <ClInclude Include="game\init.h">
      <Filter>Fichiers d%27en-tête</Filter>
    </ClInclude>
    <ClInclude Include="game\items.h">
      <Filter>Fichiers d%27en-tête</Filter>
    </ClInclude>
    <ClInclude Include="game\joby.h">
      <Filter>Fichiers d%27en-tête</Filter>
    </ClInclude>
    <ClInclude Include="game\lara.h">
      <Filter>Fichiers d%27en-tête</Filter>
    </ClInclude>
    <ClInclude Include="game\lara_states.h">
      <Filter>Fichiers d%27en-tête</Filter>
    </ClInclude>
    <ClInclude Include="game\lara1gun.h">
      <Filter>Fichiers d%27en-tête</Filter>
    </ClInclude>
    <ClInclude Include="game\lara2gun.h">
      <Filter>Fichiers d%27en-tête</Filter>
    </ClInclude>
    <ClInclude Include="game\laraclmb.h">
      <Filter>Fichiers d%27en-tête</Filter>
    </ClInclude>
    <ClInclude Include="game\larafire.h">
      <Filter>Fichiers d%27en-tête</Filter>
    </ClInclude>
    <ClInclude Include="game\laraflar.h">
      <Filter>Fichiers d%27en-tête</Filter>
    </ClInclude>
    <ClInclude Include="game\laramisc.h">
      <Filter>Fichiers d%27en-tête</Filter>
    </ClInclude>
    <ClInclude Include="game\laraskin.h">
      <Filter>Fichiers d%27en-tête</Filter>
    </ClInclude>
    <ClInclude Include="game\larasurf.h">
      <Filter>Fichiers d%27en-tête</Filter>
    </ClInclude>
    <ClInclude Include="game\laraswim.h">
      <Filter>Fichiers d%27en-tête</Filter>
    </ClInclude>
    <ClInclude Include="game\lasers.h">
      <Filter>Fichiers d%27en-tête</Filter>
    </ClInclude>
    <ClInclude Include="game\lifts.h">
      <Filter>Fichiers d%27en-tête</Filter>
    </ClInclude>
    <ClInclude Include="game\lion.h">
      <Filter>Fichiers d%27en-tête</Filter>
    </ClInclude>
    <ClInclude Include="game\lot.h">
      <Filter>Fichiers d%27en-tête</Filter>
    </ClInclude>
    <ClInclude Include="game\mafia2.h">
      <Filter>Fichiers d%27en-tête</Filter>
    </ClInclude>
    <ClInclude Include="game\minisub.h">
      <Filter>Fichiers d%27en-tête</Filter>
    </ClInclude>
    <ClInclude Include="game\mirror.h">
      <Filter>Fichiers d%27en-tête</Filter>
    </ClInclude>
    <ClInclude Include="game\missile.h">
      <Filter>Fichiers d%27en-tête</Filter>
    </ClInclude>
    <ClInclude Include="game\moveblok.h">
      <Filter>Fichiers d%27en-tête</Filter>
    </ClInclude>
    <ClInclude Include="game\newinv2.h">
      <Filter>Fichiers d%27en-tête</Filter>
    </ClInclude>
    <ClInclude Include="game\objects.h">
      <Filter>Fichiers d%27en-tête</Filter>
    </ClInclude>
    <ClInclude Include="game\objlight.h">
      <Filter>Fichiers d%27en-tête</Filter>
    </ClInclude>
    <ClInclude Include="game\people.h">
      <Filter>Fichiers d%27en-tête</Filter>
    </ClInclude>
    <ClInclude Include="game\pickup.h">
      <Filter>Fichiers d%27en-tête</Filter>
    </ClInclude>
    <ClInclude Include="game\pierre.h">
      <Filter>Fichiers d%27en-tête</Filter>
    </ClInclude>
    <ClInclude Include="game\rat.h">
      <Filter>Fichiers d%27en-tête</Filter>
    </ClInclude>
    <ClInclude Include="game\romangod.h">
      <Filter>Fichiers d%27en-tête</Filter>
    </ClInclude>
    <ClInclude Include="game\rope.h">
      <Filter>Fichiers d%27en-tête</Filter>
    </ClInclude>
    <ClInclude Include="game\sas.h">
      <Filter>Fichiers d%27en-tête</Filter>
    </ClInclude>
    <ClInclude Include="game\savegame.h">
      <Filter>Fichiers d%27en-tête</Filter>
    </ClInclude>
    <ClInclude Include="game\setup.h">
      <Filter>Fichiers d%27en-tête</Filter>
    </ClInclude>
    <ClInclude Include="game\skeleton.h">
      <Filter>Fichiers d%27en-tête</Filter>
    </ClInclude>
    <ClInclude Include="game\sniper.h">
      <Filter>Fichiers d%27en-tête</Filter>
    </ClInclude>
    <ClInclude Include="game\sound.h">
      <Filter>Fichiers d%27en-tête</Filter>
    </ClInclude>
    <ClInclude Include="game\sphere.h">
      <Filter>Fichiers d%27en-tête</Filter>
    </ClInclude>
    <ClInclude Include="game\spider.h">
      <Filter>Fichiers d%27en-tête</Filter>
    </ClInclude>
    <ClInclude Include="game\spotcam.h">
      <Filter>Fichiers d%27en-tête</Filter>
    </ClInclude>
    <ClInclude Include="game\subsuit.h">
      <Filter>Fichiers d%27en-tête</Filter>
    </ClInclude>
    <ClInclude Include="game\swampy.h">
      <Filter>Fichiers d%27en-tête</Filter>
    </ClInclude>
    <ClInclude Include="game\switch.h">
      <Filter>Fichiers d%27en-tête</Filter>
    </ClInclude>
    <ClInclude Include="game\text.h">
      <Filter>Fichiers d%27en-tête</Filter>
    </ClInclude>
    <ClInclude Include="game\tomb4fx.h">
      <Filter>Fichiers d%27en-tête</Filter>
    </ClInclude>
    <ClInclude Include="game\tower.h">
      <Filter>Fichiers d%27en-tête</Filter>
    </ClInclude>
    <ClInclude Include="game\traps.h">
      <Filter>Fichiers d%27en-tête</Filter>
    </ClInclude>
    <ClInclude Include="game\twogun.h">
      <Filter>Fichiers d%27en-tête</Filter>
    </ClInclude>
    <ClInclude Include="game\willwisp.h">
      <Filter>Fichiers d%27en-tête</Filter>
    </ClInclude>
    <ClInclude Include="global\math_tbls.h">
      <Filter>Fichiers d%27en-tête</Filter>
    </ClInclude>
    <ClInclude Include="global\types.h">
      <Filter>Fichiers d%27en-tête</Filter>
    </ClInclude>
    <ClInclude Include="specific\3dmath.h">
      <Filter>Fichiers d%27en-tête</Filter>
    </ClInclude>
    <ClInclude Include="specific\alexstuff.h">
      <Filter>Fichiers d%27en-tête</Filter>
    </ClInclude>
    <ClInclude Include="specific\audio.h">
      <Filter>Fichiers d%27en-tête</Filter>
    </ClInclude>
    <ClInclude Include="specific\clipping.h">
      <Filter>Fichiers d%27en-tête</Filter>
    </ClInclude>
    <ClInclude Include="specific\d3dmatrix.h">
      <Filter>Fichiers d%27en-tête</Filter>
    </ClInclude>
    <ClInclude Include="specific\drawbars.h">
      <Filter>Fichiers d%27en-tête</Filter>
    </ClInclude>
    <ClInclude Include="specific\drawlara.h">
      <Filter>Fichiers d%27en-tête</Filter>
    </ClInclude>
    <ClInclude Include="specific\drawroom.h">
      <Filter>Fichiers d%27en-tête</Filter>
    </ClInclude>
    <ClInclude Include="specific\dxshell.h">
      <Filter>Fichiers d%27en-tête</Filter>
    </ClInclude>
    <ClInclude Include="specific\dxsound.h">
      <Filter>Fichiers d%27en-tête</Filter>
    </ClInclude>
    <ClInclude Include="specific\file.h">
      <Filter>Fichiers d%27en-tête</Filter>
    </ClInclude>
    <ClInclude Include="specific\fmv.h">
      <Filter>Fichiers d%27en-tête</Filter>
    </ClInclude>
    <ClInclude Include="specific\function_stubs.h">
      <Filter>Fichiers d%27en-tête</Filter>
    </ClInclude>
    <ClInclude Include="specific\function_table.h">
      <Filter>Fichiers d%27en-tête</Filter>
    </ClInclude>
    <ClInclude Include="specific\gamemain.h">
      <Filter>Fichiers d%27en-tête</Filter>
    </ClInclude>
    <ClInclude Include="specific\input.h">
      <Filter>Fichiers d%27en-tête</Filter>
    </ClInclude>
    <ClInclude Include="specific\lighting.h">
      <Filter>Fichiers d%27en-tête</Filter>
    </ClInclude>
    <ClInclude Include="specific\LoadSave.h">
      <Filter>Fichiers d%27en-tête</Filter>
    </ClInclude>
    <ClInclude Include="specific\output.h">
      <Filter>Fichiers d%27en-tête</Filter>
    </ClInclude>
    <ClInclude Include="specific\polyinsert.h">
      <Filter>Fichiers d%27en-tête</Filter>
    </ClInclude>
    <ClInclude Include="specific\registry.h">
      <Filter>Fichiers d%27en-tête</Filter>
    </ClInclude>
    <ClInclude Include="specific\setupdlg.h">
      <Filter>Fichiers d%27en-tête</Filter>
    </ClInclude>
    <ClInclude Include="specific\specificfx.h">
      <Filter>Fichiers d%27en-tête</Filter>
    </ClInclude>
    <ClInclude Include="specific\texture.h">
      <Filter>Fichiers d%27en-tête</Filter>
    </ClInclude>
    <ClInclude Include="specific\time.h">
      <Filter>Fichiers d%27en-tête</Filter>
    </ClInclude>
    <ClInclude Include="specific\winmain.h">
      <Filter>Fichiers d%27en-tête</Filter>
    </ClInclude>
    <ClInclude Include="tomb5\pch.h">
      <Filter>Fichiers d%27en-tête</Filter>
    </ClInclude>
    <ClInclude Include="tomb5\tomb5.h">
      <Filter>Fichiers d%27en-tête</Filter>
    </ClInclude>
    <ClInclude Include="tomb5\troyestuff.h">
      <Filter>Fichiers d%27en-tête</Filter>
    </ClInclude>
    <ClInclude Include="resource.h">
      <Filter>Fichiers d%27en-tête</Filter>
    </ClInclude>
  </ItemGroup>
  <ItemGroup>
    <Image Include="icon.ico">
      <Filter>Fichiers de ressources</Filter>
    </Image>
    <Image Include="setup.bmp">
      <Filter>Fichiers de ressources</Filter>
    </Image>
  </ItemGroup>
  <ItemGroup>
    <ResourceCompile Include="tomb5.rc">
      <Filter>Fichiers de ressources</Filter>
    </ResourceCompile>
  </ItemGroup>
</Project>